// !$*UTF8*$!
{
	archiveVersion = 1;
	classes = {
	};
	objectVersion = 77;
	objects = {

/* Begin PBXContainerItemProxy section */
		DC5F0A772CEA4F790040389D /* PBXContainerItemProxy */ = {
			isa = PBXContainerItemProxy;
			containerPortal = DC5F0A5E2CEA4F770040389D /* Project object */;
			proxyType = 1;
			remoteGlobalIDString = DC5F0A652CEA4F770040389D;
			remoteInfo = CloneWheather;
		};
		DC5F0A812CEA4F790040389D /* PBXContainerItemProxy */ = {
			isa = PBXContainerItemProxy;
			containerPortal = DC5F0A5E2CEA4F770040389D /* Project object */;
			proxyType = 1;
			remoteGlobalIDString = DC5F0A652CEA4F770040389D;
			remoteInfo = CloneWheather;
		};
/* End PBXContainerItemProxy section */

/* Begin PBXFileReference section */
		DC5F0A662CEA4F770040389D /* CloneWheather.app */ = {isa = PBXFileReference; explicitFileType = wrapper.application; includeInIndex = 0; path = CloneWheather.app; sourceTree = BUILT_PRODUCTS_DIR; };
		DC5F0A762CEA4F790040389D /* CloneWheatherTests.xctest */ = {isa = PBXFileReference; explicitFileType = wrapper.cfbundle; includeInIndex = 0; path = CloneWheatherTests.xctest; sourceTree = BUILT_PRODUCTS_DIR; };
		DC5F0A802CEA4F790040389D /* CloneWheatherUITests.xctest */ = {isa = PBXFileReference; explicitFileType = wrapper.cfbundle; includeInIndex = 0; path = CloneWheatherUITests.xctest; sourceTree = BUILT_PRODUCTS_DIR; };
/* End PBXFileReference section */

/* Begin PBXFileSystemSynchronizedBuildFileExceptionSet section */
		DC5F0B2E2CF3B2EB0040389D /* Exceptions for "CloneWheather" folder in "CloneWheather" target */ = {
			isa = PBXFileSystemSynchronizedBuildFileExceptionSet;
			membershipExceptions = (
				Assets.xcassets,
				CloneWheatherApp.swift,
				Extensions/FormatHelpers.swift,
				Extensions/SecretsHelper.swift,
				Extensions/ThemeHelper.swift,
				Extensions/WeatherErrorHandler.swift,
				Models/AirQualityViewModel.swift,
				Models/DailyForecastViewModel.swift,
				Models/Response/AirPollutionResponse.swift,
				Models/Response/DailyForecastResponse.swift,
				Models/Response/HourlyForecastResponse.swift,
				Models/Response/UVIndexResponse.swift,
				Models/Response/WeatherResponse.swift,
				Models/Temperature.swift,
				Models/UVIndexViewModel.swift,
				Models/WeatherCondition.swift,
				Models/WeatherSnapshot.swift,
				Models/WeatherViewModel.swift,
				"Preview Content/Preview Assets.xcassets",
				Secrets.plist,
				Services/ApiService.swift,
				Services/WeatherService.swift,
				Views/AirQualityView.swift,
				Views/DailyForecastView.swift,
				Views/HourlyForecastView.swift,
				Views/ProgressViewComponentView.swift,
				Views/SunTrackerView.swift,
				Views/SunWaveView.swift,
				Views/UVIndexView.swift,
				Views/WeatherSummaryView.swift,
				Views/WeatherView.swift,
			);
			target = DC5F0A652CEA4F770040389D /* CloneWheather */;
		};
		DC5F0B2F2CF3B2EB0040389D /* Exceptions for "CloneWheather" folder in "CloneWheatherTests" target */ = {
			isa = PBXFileSystemSynchronizedBuildFileExceptionSet;
			membershipExceptions = (
				Assets.xcassets,
				CloneWheatherApp.swift,
				Extensions/FormatHelpers.swift,
				Extensions/SecretsHelper.swift,
				Extensions/ThemeHelper.swift,
				Extensions/WeatherErrorHandler.swift,
				Models/AirQualityViewModel.swift,
				Models/DailyForecastViewModel.swift,
				Models/Response/AirPollutionResponse.swift,
				Models/Response/DailyForecastResponse.swift,
				Models/Response/HourlyForecastResponse.swift,
				Models/Response/UVIndexResponse.swift,
				Models/Response/WeatherResponse.swift,
				Models/Temperature.swift,
				Models/UVIndexViewModel.swift,
				Models/WeatherCondition.swift,
				Models/WeatherSnapshot.swift,
				Models/WeatherViewModel.swift,
				"Preview Content/Preview Assets.xcassets",
				Secrets.plist,
				Views/AirQualityView.swift,
				Views/DailyForecastView.swift,
				Views/HourlyForecastView.swift,
				Views/ProgressViewComponentView.swift,
				Views/SunTrackerView.swift,
				Views/SunWaveView.swift,
				Views/UVIndexView.swift,
				Views/WeatherSummaryView.swift,
				Views/WeatherView.swift,
			);
			target = DC5F0A752CEA4F790040389D /* CloneWheatherTests */;
		};
/* End PBXFileSystemSynchronizedBuildFileExceptionSet section */

/* Begin PBXFileSystemSynchronizedRootGroup section */
		DC5F0A792CEA4F790040389D /* CloneWheatherTests */ = {
			isa = PBXFileSystemSynchronizedRootGroup;
			path = CloneWheatherTests;
			sourceTree = "<group>";
		};
		DC5F0A832CEA4F790040389D /* CloneWheatherUITests */ = {
			isa = PBXFileSystemSynchronizedRootGroup;
			path = CloneWheatherUITests;
			sourceTree = "<group>";
		};
		DC5F0B1D2CF3B2EB0040389D /* CloneWheather */ = {
			isa = PBXFileSystemSynchronizedRootGroup;
			exceptions = (
				DC5F0B2E2CF3B2EB0040389D /* Exceptions for "CloneWheather" folder in "CloneWheather" target */,
				DC5F0B2F2CF3B2EB0040389D /* Exceptions for "CloneWheather" folder in "CloneWheatherTests" target */,
			);
			path = CloneWheather;
			sourceTree = "<group>";
		};
/* End PBXFileSystemSynchronizedRootGroup section */

/* Begin PBXFrameworksBuildPhase section */
		DC5F0A632CEA4F770040389D /* Frameworks */ = {
			isa = PBXFrameworksBuildPhase;
			buildActionMask = 2147483647;
			files = (
			);
			runOnlyForDeploymentPostprocessing = 0;
		};
		DC5F0A732CEA4F790040389D /* Frameworks */ = {
			isa = PBXFrameworksBuildPhase;
			buildActionMask = 2147483647;
			files = (
			);
			runOnlyForDeploymentPostprocessing = 0;
		};
		DC5F0A7D2CEA4F790040389D /* Frameworks */ = {
			isa = PBXFrameworksBuildPhase;
			buildActionMask = 2147483647;
			files = (
			);
			runOnlyForDeploymentPostprocessing = 0;
		};
/* End PBXFrameworksBuildPhase section */

/* Begin PBXGroup section */
		DC5F0A5D2CEA4F770040389D = {
			isa = PBXGroup;
			children = (
				DC5F0A792CEA4F790040389D /* CloneWheatherTests */,
				DC5F0A832CEA4F790040389D /* CloneWheatherUITests */,
				DC5F0A672CEA4F770040389D /* Products */,
				DC5F0B1D2CF3B2EB0040389D /* CloneWheather */,
			);
			sourceTree = "<group>";
		};
		DC5F0A672CEA4F770040389D /* Products */ = {
			isa = PBXGroup;
			children = (
				DC5F0A662CEA4F770040389D /* CloneWheather.app */,
				DC5F0A762CEA4F790040389D /* CloneWheatherTests.xctest */,
				DC5F0A802CEA4F790040389D /* CloneWheatherUITests.xctest */,
			);
			name = Products;
			sourceTree = "<group>";
		};
/* End PBXGroup section */

/* Begin PBXNativeTarget section */
		DC5F0A652CEA4F770040389D /* CloneWheather */ = {
			isa = PBXNativeTarget;
			buildConfigurationList = DC5F0A8A2CEA4F790040389D /* Build configuration list for PBXNativeTarget "CloneWheather" */;
			buildPhases = (
				DC5F0A622CEA4F770040389D /* Sources */,
				DC5F0A632CEA4F770040389D /* Frameworks */,
				DC5F0A642CEA4F770040389D /* Resources */,
			);
			buildRules = (
			);
			dependencies = (
			);
			name = CloneWheather;
			packageProductDependencies = (
			);
			productName = CloneWheather;
			productReference = DC5F0A662CEA4F770040389D /* CloneWheather.app */;
			productType = "com.apple.product-type.application";
		};
		DC5F0A752CEA4F790040389D /* CloneWheatherTests */ = {
			isa = PBXNativeTarget;
			buildConfigurationList = DC5F0A8D2CEA4F790040389D /* Build configuration list for PBXNativeTarget "CloneWheatherTests" */;
			buildPhases = (
				DC5F0A722CEA4F790040389D /* Sources */,
				DC5F0A732CEA4F790040389D /* Frameworks */,
				DC5F0A742CEA4F790040389D /* Resources */,
			);
			buildRules = (
			);
			dependencies = (
				DC5F0A782CEA4F790040389D /* PBXTargetDependency */,
			);
			fileSystemSynchronizedGroups = (
				DC5F0A792CEA4F790040389D /* CloneWheatherTests */,
				DC5F0B1D2CF3B2EB0040389D /* CloneWheather */,
			);
			name = CloneWheatherTests;
			packageProductDependencies = (
			);
			productName = CloneWheatherTests;
			productReference = DC5F0A762CEA4F790040389D /* CloneWheatherTests.xctest */;
			productType = "com.apple.product-type.bundle.unit-test";
		};
		DC5F0A7F2CEA4F790040389D /* CloneWheatherUITests */ = {
			isa = PBXNativeTarget;
			buildConfigurationList = DC5F0A902CEA4F790040389D /* Build configuration list for PBXNativeTarget "CloneWheatherUITests" */;
			buildPhases = (
				DC5F0A7C2CEA4F790040389D /* Sources */,
				DC5F0A7D2CEA4F790040389D /* Frameworks */,
				DC5F0A7E2CEA4F790040389D /* Resources */,
			);
			buildRules = (
			);
			dependencies = (
				DC5F0A822CEA4F790040389D /* PBXTargetDependency */,
			);
			fileSystemSynchronizedGroups = (
				DC5F0A832CEA4F790040389D /* CloneWheatherUITests */,
			);
			name = CloneWheatherUITests;
			packageProductDependencies = (
			);
			productName = CloneWheatherUITests;
			productReference = DC5F0A802CEA4F790040389D /* CloneWheatherUITests.xctest */;
			productType = "com.apple.product-type.bundle.ui-testing";
		};
/* End PBXNativeTarget section */

/* Begin PBXProject section */
		DC5F0A5E2CEA4F770040389D /* Project object */ = {
			isa = PBXProject;
			attributes = {
				BuildIndependentTargetsInParallel = 1;
				LastSwiftUpdateCheck = 1610;
				LastUpgradeCheck = 1610;
				TargetAttributes = {
					DC5F0A652CEA4F770040389D = {
						CreatedOnToolsVersion = 16.1;
					};
					DC5F0A752CEA4F790040389D = {
						CreatedOnToolsVersion = 16.1;
						TestTargetID = DC5F0A652CEA4F770040389D;
					};
					DC5F0A7F2CEA4F790040389D = {
						CreatedOnToolsVersion = 16.1;
						TestTargetID = DC5F0A652CEA4F770040389D;
					};
				};
			};
			buildConfigurationList = DC5F0A612CEA4F770040389D /* Build configuration list for PBXProject "CloneWheather" */;
			developmentRegion = en;
			hasScannedForEncodings = 0;
			knownRegions = (
				en,
				Base,
			);
			mainGroup = DC5F0A5D2CEA4F770040389D;
			minimizedProjectReferenceProxies = 1;
			preferredProjectObjectVersion = 77;
			productRefGroup = DC5F0A672CEA4F770040389D /* Products */;
			projectDirPath = "";
			projectRoot = "";
			targets = (
				DC5F0A652CEA4F770040389D /* CloneWheather */,
				DC5F0A752CEA4F790040389D /* CloneWheatherTests */,
				DC5F0A7F2CEA4F790040389D /* CloneWheatherUITests */,
			);
		};
/* End PBXProject section */

/* Begin PBXResourcesBuildPhase section */
		DC5F0A642CEA4F770040389D /* Resources */ = {
			isa = PBXResourcesBuildPhase;
			buildActionMask = 2147483647;
			files = (
			);
			runOnlyForDeploymentPostprocessing = 0;
		};
		DC5F0A742CEA4F790040389D /* Resources */ = {
			isa = PBXResourcesBuildPhase;
			buildActionMask = 2147483647;
			files = (
			);
			runOnlyForDeploymentPostprocessing = 0;
		};
		DC5F0A7E2CEA4F790040389D /* Resources */ = {
			isa = PBXResourcesBuildPhase;
			buildActionMask = 2147483647;
			files = (
			);
			runOnlyForDeploymentPostprocessing = 0;
		};
/* End PBXResourcesBuildPhase section */

/* Begin PBXSourcesBuildPhase section */
		DC5F0A622CEA4F770040389D /* Sources */ = {
			isa = PBXSourcesBuildPhase;
			buildActionMask = 2147483647;
			files = (
			);
			runOnlyForDeploymentPostprocessing = 0;
		};
		DC5F0A722CEA4F790040389D /* Sources */ = {
			isa = PBXSourcesBuildPhase;
			buildActionMask = 2147483647;
			files = (
			);
			runOnlyForDeploymentPostprocessing = 0;
		};
		DC5F0A7C2CEA4F790040389D /* Sources */ = {
			isa = PBXSourcesBuildPhase;
			buildActionMask = 2147483647;
			files = (
			);
			runOnlyForDeploymentPostprocessing = 0;
		};
/* End PBXSourcesBuildPhase section */

/* Begin PBXTargetDependency section */
		DC5F0A782CEA4F790040389D /* PBXTargetDependency */ = {
			isa = PBXTargetDependency;
			target = DC5F0A652CEA4F770040389D /* CloneWheather */;
			targetProxy = DC5F0A772CEA4F790040389D /* PBXContainerItemProxy */;
		};
		DC5F0A822CEA4F790040389D /* PBXTargetDependency */ = {
			isa = PBXTargetDependency;
			target = DC5F0A652CEA4F770040389D /* CloneWheather */;
			targetProxy = DC5F0A812CEA4F790040389D /* PBXContainerItemProxy */;
		};
/* End PBXTargetDependency section */

/* Begin XCBuildConfiguration section */
		DC5F0A882CEA4F790040389D /* Debug */ = {
			isa = XCBuildConfiguration;
			buildSettings = {
				ALWAYS_SEARCH_USER_PATHS = NO;
				ASSETCATALOG_COMPILER_GENERATE_SWIFT_ASSET_SYMBOL_EXTENSIONS = YES;
				CLANG_ANALYZER_NONNULL = YES;
				CLANG_ANALYZER_NUMBER_OBJECT_CONVERSION = YES_AGGRESSIVE;
				CLANG_CXX_LANGUAGE_STANDARD = "gnu++20";
				CLANG_ENABLE_MODULES = YES;
				CLANG_ENABLE_OBJC_ARC = YES;
				CLANG_ENABLE_OBJC_WEAK = YES;
				CLANG_WARN_BLOCK_CAPTURE_AUTORELEASING = YES;
				CLANG_WARN_BOOL_CONVERSION = YES;
				CLANG_WARN_COMMA = YES;
				CLANG_WARN_CONSTANT_CONVERSION = YES;
				CLANG_WARN_DEPRECATED_OBJC_IMPLEMENTATIONS = YES;
				CLANG_WARN_DIRECT_OBJC_ISA_USAGE = YES_ERROR;
				CLANG_WARN_DOCUMENTATION_COMMENTS = YES;
				CLANG_WARN_EMPTY_BODY = YES;
				CLANG_WARN_ENUM_CONVERSION = YES;
				CLANG_WARN_INFINITE_RECURSION = YES;
				CLANG_WARN_INT_CONVERSION = YES;
				CLANG_WARN_NON_LITERAL_NULL_CONVERSION = YES;
				CLANG_WARN_OBJC_IMPLICIT_RETAIN_SELF = YES;
				CLANG_WARN_OBJC_LITERAL_CONVERSION = YES;
				CLANG_WARN_OBJC_ROOT_CLASS = YES_ERROR;
				CLANG_WARN_QUOTED_INCLUDE_IN_FRAMEWORK_HEADER = YES;
				CLANG_WARN_RANGE_LOOP_ANALYSIS = YES;
				CLANG_WARN_STRICT_PROTOTYPES = YES;
				CLANG_WARN_SUSPICIOUS_MOVE = YES;
				CLANG_WARN_UNGUARDED_AVAILABILITY = YES_AGGRESSIVE;
				CLANG_WARN_UNREACHABLE_CODE = YES;
				CLANG_WARN__DUPLICATE_METHOD_MATCH = YES;
				COPY_PHASE_STRIP = NO;
				DEBUG_INFORMATION_FORMAT = dwarf;
				ENABLE_STRICT_OBJC_MSGSEND = YES;
				ENABLE_TESTABILITY = YES;
				ENABLE_USER_SCRIPT_SANDBOXING = YES;
				GCC_C_LANGUAGE_STANDARD = gnu17;
				GCC_DYNAMIC_NO_PIC = NO;
				GCC_NO_COMMON_BLOCKS = YES;
				GCC_OPTIMIZATION_LEVEL = 0;
				GCC_PREPROCESSOR_DEFINITIONS = (
					"DEBUG=1",
					"$(inherited)",
				);
				GCC_WARN_64_TO_32_BIT_CONVERSION = YES;
				GCC_WARN_ABOUT_RETURN_TYPE = YES_ERROR;
				GCC_WARN_UNDECLARED_SELECTOR = YES;
				GCC_WARN_UNINITIALIZED_AUTOS = YES_AGGRESSIVE;
				GCC_WARN_UNUSED_FUNCTION = YES;
				GCC_WARN_UNUSED_VARIABLE = YES;
				IPHONEOS_DEPLOYMENT_TARGET = 18.1;
				LOCALIZATION_PREFERS_STRING_CATALOGS = YES;
				MTL_ENABLE_DEBUG_INFO = INCLUDE_SOURCE;
				MTL_FAST_MATH = YES;
				ONLY_ACTIVE_ARCH = YES;
				SDKROOT = iphoneos;
				SWIFT_ACTIVE_COMPILATION_CONDITIONS = "DEBUG $(inherited)";
				SWIFT_OPTIMIZATION_LEVEL = "-Onone";
			};
			name = Debug;
		};
		DC5F0A892CEA4F790040389D /* Release */ = {
			isa = XCBuildConfiguration;
			buildSettings = {
				ALWAYS_SEARCH_USER_PATHS = NO;
				ASSETCATALOG_COMPILER_GENERATE_SWIFT_ASSET_SYMBOL_EXTENSIONS = YES;
				CLANG_ANALYZER_NONNULL = YES;
				CLANG_ANALYZER_NUMBER_OBJECT_CONVERSION = YES_AGGRESSIVE;
				CLANG_CXX_LANGUAGE_STANDARD = "gnu++20";
				CLANG_ENABLE_MODULES = YES;
				CLANG_ENABLE_OBJC_ARC = YES;
				CLANG_ENABLE_OBJC_WEAK = YES;
				CLANG_WARN_BLOCK_CAPTURE_AUTORELEASING = YES;
				CLANG_WARN_BOOL_CONVERSION = YES;
				CLANG_WARN_COMMA = YES;
				CLANG_WARN_CONSTANT_CONVERSION = YES;
				CLANG_WARN_DEPRECATED_OBJC_IMPLEMENTATIONS = YES;
				CLANG_WARN_DIRECT_OBJC_ISA_USAGE = YES_ERROR;
				CLANG_WARN_DOCUMENTATION_COMMENTS = YES;
				CLANG_WARN_EMPTY_BODY = YES;
				CLANG_WARN_ENUM_CONVERSION = YES;
				CLANG_WARN_INFINITE_RECURSION = YES;
				CLANG_WARN_INT_CONVERSION = YES;
				CLANG_WARN_NON_LITERAL_NULL_CONVERSION = YES;
				CLANG_WARN_OBJC_IMPLICIT_RETAIN_SELF = YES;
				CLANG_WARN_OBJC_LITERAL_CONVERSION = YES;
				CLANG_WARN_OBJC_ROOT_CLASS = YES_ERROR;
				CLANG_WARN_QUOTED_INCLUDE_IN_FRAMEWORK_HEADER = YES;
				CLANG_WARN_RANGE_LOOP_ANALYSIS = YES;
				CLANG_WARN_STRICT_PROTOTYPES = YES;
				CLANG_WARN_SUSPICIOUS_MOVE = YES;
				CLANG_WARN_UNGUARDED_AVAILABILITY = YES_AGGRESSIVE;
				CLANG_WARN_UNREACHABLE_CODE = YES;
				CLANG_WARN__DUPLICATE_METHOD_MATCH = YES;
				COPY_PHASE_STRIP = NO;
				DEBUG_INFORMATION_FORMAT = "dwarf-with-dsym";
				ENABLE_NS_ASSERTIONS = NO;
				ENABLE_STRICT_OBJC_MSGSEND = YES;
				ENABLE_USER_SCRIPT_SANDBOXING = YES;
				GCC_C_LANGUAGE_STANDARD = gnu17;
				GCC_NO_COMMON_BLOCKS = YES;
				GCC_WARN_64_TO_32_BIT_CONVERSION = YES;
				GCC_WARN_ABOUT_RETURN_TYPE = YES_ERROR;
				GCC_WARN_UNDECLARED_SELECTOR = YES;
				GCC_WARN_UNINITIALIZED_AUTOS = YES_AGGRESSIVE;
				GCC_WARN_UNUSED_FUNCTION = YES;
				GCC_WARN_UNUSED_VARIABLE = YES;
				IPHONEOS_DEPLOYMENT_TARGET = 18.1;
				LOCALIZATION_PREFERS_STRING_CATALOGS = YES;
				MTL_ENABLE_DEBUG_INFO = NO;
				MTL_FAST_MATH = YES;
				SDKROOT = iphoneos;
				SWIFT_COMPILATION_MODE = wholemodule;
				VALIDATE_PRODUCT = YES;
			};
			name = Release;
		};
		DC5F0A8B2CEA4F790040389D /* Debug */ = {
			isa = XCBuildConfiguration;
			buildSettings = {
				ASSETCATALOG_COMPILER_APPICON_NAME = AppIcon;
				ASSETCATALOG_COMPILER_GLOBAL_ACCENT_COLOR_NAME = AccentColor;
				CODE_SIGN_STYLE = Automatic;
				CURRENT_PROJECT_VERSION = 1;
				DEVELOPMENT_ASSET_PATHS = "\"CloneWheather/Preview Content\"";
				ENABLE_PREVIEWS = YES;
				GENERATE_INFOPLIST_FILE = YES;
				INFOPLIST_KEY_UIApplicationSceneManifest_Generation = YES;
				INFOPLIST_KEY_UIApplicationSupportsIndirectInputEvents = YES;
				INFOPLIST_KEY_UILaunchScreen_Generation = YES;
				INFOPLIST_KEY_UISupportedInterfaceOrientations_iPad = "UIInterfaceOrientationPortrait UIInterfaceOrientationPortraitUpsideDown UIInterfaceOrientationLandscapeLeft UIInterfaceOrientationLandscapeRight";
				INFOPLIST_KEY_UISupportedInterfaceOrientations_iPhone = "UIInterfaceOrientationPortrait UIInterfaceOrientationLandscapeLeft UIInterfaceOrientationLandscapeRight";
				LD_RUNPATH_SEARCH_PATHS = (
					"$(inherited)",
					"@executable_path/Frameworks",
				);
				MARKETING_VERSION = 1.0;
				PRODUCT_BUNDLE_IDENTIFIER = com.andreiolaru.CloneWheather;
				PRODUCT_NAME = "$(TARGET_NAME)";
				SWIFT_EMIT_LOC_STRINGS = YES;
				SWIFT_VERSION = 5.0;
				TARGETED_DEVICE_FAMILY = "1,2";
			};
			name = Debug;
		};
		DC5F0A8C2CEA4F790040389D /* Release */ = {
			isa = XCBuildConfiguration;
			buildSettings = {
				ASSETCATALOG_COMPILER_APPICON_NAME = AppIcon;
				ASSETCATALOG_COMPILER_GLOBAL_ACCENT_COLOR_NAME = AccentColor;
				CODE_SIGN_STYLE = Automatic;
				CURRENT_PROJECT_VERSION = 1;
				DEVELOPMENT_ASSET_PATHS = "\"CloneWheather/Preview Content\"";
				ENABLE_PREVIEWS = YES;
				GENERATE_INFOPLIST_FILE = YES;
				INFOPLIST_KEY_UIApplicationSceneManifest_Generation = YES;
				INFOPLIST_KEY_UIApplicationSupportsIndirectInputEvents = YES;
				INFOPLIST_KEY_UILaunchScreen_Generation = YES;
				INFOPLIST_KEY_UISupportedInterfaceOrientations_iPad = "UIInterfaceOrientationPortrait UIInterfaceOrientationPortraitUpsideDown UIInterfaceOrientationLandscapeLeft UIInterfaceOrientationLandscapeRight";
				INFOPLIST_KEY_UISupportedInterfaceOrientations_iPhone = "UIInterfaceOrientationPortrait UIInterfaceOrientationLandscapeLeft UIInterfaceOrientationLandscapeRight";
				LD_RUNPATH_SEARCH_PATHS = (
					"$(inherited)",
					"@executable_path/Frameworks",
				);
				MARKETING_VERSION = 1.0;
				PRODUCT_BUNDLE_IDENTIFIER = com.andreiolaru.CloneWheather;
				PRODUCT_NAME = "$(TARGET_NAME)";
				SWIFT_EMIT_LOC_STRINGS = YES;
				SWIFT_VERSION = 5.0;
				TARGETED_DEVICE_FAMILY = "1,2";
			};
			name = Release;
		};
		DC5F0A8E2CEA4F790040389D /* Debug */ = {
			isa = XCBuildConfiguration;
			buildSettings = {
				BUNDLE_LOADER = "$(TEST_HOST)";
				CODE_SIGN_STYLE = Automatic;
				CURRENT_PROJECT_VERSION = 1;
				GENERATE_INFOPLIST_FILE = YES;
				IPHONEOS_DEPLOYMENT_TARGET = 18.1;
				MARKETING_VERSION = 1.0;
				PRODUCT_BUNDLE_IDENTIFIER = com.andreiolaru.CloneWheatherTests;
				PRODUCT_NAME = "$(TARGET_NAME)";
				SWIFT_EMIT_LOC_STRINGS = NO;
				SWIFT_VERSION = 5.0;
				TARGETED_DEVICE_FAMILY = "1,2";
				TEST_HOST = "$(BUILT_PRODUCTS_DIR)/CloneWheather.app/$(BUNDLE_EXECUTABLE_FOLDER_PATH)/CloneWheather";
			};
			name = Debug;
		};
		DC5F0A8F2CEA4F790040389D /* Release */ = {
			isa = XCBuildConfiguration;
			buildSettings = {
				BUNDLE_LOADER = "$(TEST_HOST)";
				CODE_SIGN_STYLE = Automatic;
				CURRENT_PROJECT_VERSION = 1;
				GENERATE_INFOPLIST_FILE = YES;
				IPHONEOS_DEPLOYMENT_TARGET = 18.1;
				MARKETING_VERSION = 1.0;
				PRODUCT_BUNDLE_IDENTIFIER = com.andreiolaru.CloneWheatherTests;
				PRODUCT_NAME = "$(TARGET_NAME)";
				SWIFT_EMIT_LOC_STRINGS = NO;
				SWIFT_VERSION = 5.0;
				TARGETED_DEVICE_FAMILY = "1,2";
				TEST_HOST = "$(BUILT_PRODUCTS_DIR)/CloneWheather.app/$(BUNDLE_EXECUTABLE_FOLDER_PATH)/CloneWheather";
			};
			name = Release;
		};
		DC5F0A912CEA4F790040389D /* Debug */ = {
			isa = XCBuildConfiguration;
			buildSettings = {
				CODE_SIGN_STYLE = Automatic;
				CURRENT_PROJECT_VERSION = 1;
				GENERATE_INFOPLIST_FILE = YES;
				MARKETING_VERSION = 1.0;
				PRODUCT_BUNDLE_IDENTIFIER = com.andreiolaru.CloneWheatherUITests;
				PRODUCT_NAME = "$(TARGET_NAME)";
				SWIFT_EMIT_LOC_STRINGS = NO;
				SWIFT_VERSION = 5.0;
				TARGETED_DEVICE_FAMILY = "1,2";
				TEST_TARGET_NAME = CloneWheather;
			};
			name = Debug;
		};
		DC5F0A922CEA4F790040389D /* Release */ = {
			isa = XCBuildConfiguration;
			buildSettings = {
				CODE_SIGN_STYLE = Automatic;
				CURRENT_PROJECT_VERSION = 1;
				GENERATE_INFOPLIST_FILE = YES;
				MARKETING_VERSION = 1.0;
				PRODUCT_BUNDLE_IDENTIFIER = com.andreiolaru.CloneWheatherUITests;
				PRODUCT_NAME = "$(TARGET_NAME)";
				SWIFT_EMIT_LOC_STRINGS = NO;
				SWIFT_VERSION = 5.0;
				TARGETED_DEVICE_FAMILY = "1,2";
				TEST_TARGET_NAME = CloneWheather;
			};
			name = Release;
		};
/* End XCBuildConfiguration section */

/* Begin XCConfigurationList section */
		DC5F0A612CEA4F770040389D /* Build configuration list for PBXProject "CloneWheather" */ = {
			isa = XCConfigurationList;
			buildConfigurations = (
				DC5F0A882CEA4F790040389D /* Debug */,
				DC5F0A892CEA4F790040389D /* Release */,
			);
			defaultConfigurationIsVisible = 0;
			defaultConfigurationName = Release;
		};
		DC5F0A8A2CEA4F790040389D /* Build configuration list for PBXNativeTarget "CloneWheather" */ = {
			isa = XCConfigurationList;
			buildConfigurations = (
				DC5F0A8B2CEA4F790040389D /* Debug */,
				DC5F0A8C2CEA4F790040389D /* Release */,
			);
			defaultConfigurationIsVisible = 0;
			defaultConfigurationName = Release;
		};
		DC5F0A8D2CEA4F790040389D /* Build configuration list for PBXNativeTarget "CloneWheatherTests" */ = {
			isa = XCConfigurationList;
			buildConfigurations = (
				DC5F0A8E2CEA4F790040389D /* Debug */,
				DC5F0A8F2CEA4F790040389D /* Release */,
			);
			defaultConfigurationIsVisible = 0;
			defaultConfigurationName = Release;
		};
		DC5F0A902CEA4F790040389D /* Build configuration list for PBXNativeTarget "CloneWheatherUITests" */ = {
			isa = XCConfigurationList;
			buildConfigurations = (
				DC5F0A912CEA4F790040389D /* Debug */,
				DC5F0A922CEA4F790040389D /* Release */,
			);
			defaultConfigurationIsVisible = 0;
			defaultConfigurationName = Release;
		};
/* End XCConfigurationList section */
	};
	rootObject = DC5F0A5E2CEA4F770040389D /* Project object */;
}
